
Microsoft Visual Studio Solution File, Format Version 12.00
# Visual Studio Version 17
VisualStudioVersion = 17.1.32210.238
MinimumVisualStudioVersion = 10.0.40219.1
Project("{FAE04EC0-301F-11D3-BF4B-00C04F79EFBC}") = "GrpcTest", "GrpcTest\GrpcTest.csproj", "{E7B8C58E-592F-4F81-BF5A-A2A30C3B45D9}"
EndProject
Project("{FAE04EC0-301F-11D3-BF4B-00C04F79EFBC}") = "WinFormsClient", "WinFormsClient\WinFormsClient.csproj", "{C5536C9A-1EE6-4091-95E2-0B35D388CFB4}"
EndProject
Global
	GlobalSection(SolutionConfigurationPlatforms) = preSolution
		Debug|Any CPU = Debug|Any CPU
		Release|Any CPU = Release|Any CPU
	EndGlobalSection
	GlobalSection(ProjectConfigurationPlatforms) = postSolution
		{E7B8C58E-592F-4F81-BF5A-A2A30C3B45D9}.Debug|Any CPU.ActiveCfg = Debug|Any CPU
		{E7B8C58E-592F-4F81-BF5A-A2A30C3B45D9}.Debug|Any CPU.Build.0 = Debug|Any CPU
		{E7B8C58E-592F-4F81-BF5A-A2A30C3B45D9}.Release|Any CPU.ActiveCfg = Release|Any CPU
		{E7B8C58E-592F-4F81-BF5A-A2A30C3B45D9}.Release|Any CPU.Build.0 = Release|Any CPU
		{C5536C9A-1EE6-4091-95E2-0B35D388CFB4}.Debug|Any CPU.ActiveCfg = Debug|Any CPU
		{C5536C9A-1EE6-4091-95E2-0B35D388CFB4}.Debug|Any CPU.Build.0 = Debug|Any CPU
		{C5536C9A-1EE6-4091-95E2-0B35D388CFB4}.Release|Any CPU.ActiveCfg = Release|Any CPU
		{C5536C9A-1EE6-4091-95E2-0B35D388CFB4}.Release|Any CPU.Build.0 = Release|Any CPU
	EndGlobalSection
	GlobalSection(SolutionProperties) = preSolution
		HideSolutionNode = FALSE
	EndGlobalSection
	GlobalSection(ExtensibilityGlobals) = postSolution
		SolutionGuid = {2D1F7D60-682F-4289-AE70-E107CBF1D327}
	EndGlobalSection
EndGlobal
